{
    "_readme": [
        "This file locks the dependencies of your project to a known state",
        "Read more about it at http://getcomposer.org/doc/01-basic-usage.md#composer-lock-the-lock-file"
    ],
    "hash": "df98b56e3c51eaaf8a1a00ad866ece72",
    "packages": [
        {
            "name": "mashape/unirest-php",
            "version": "dev-master",
            "source": {
                "type": "git",
                "url": "https://github.com/Mashape/unirest-php.git",
                "reference": "f5fee2dc46b2a566600b15f154e72cae7f4181c7"
            },
            "dist": {
                "type": "zip",
                "url": "https://api.github.com/repos/Mashape/unirest-php/zipball/f5fee2dc46b2a566600b15f154e72cae7f4181c7",
                "reference": "f5fee2dc46b2a566600b15f154e72cae7f4181c7",
                "shasum": ""
            },
            "require": {
                "ext-curl": "*",
                "ext-json": "*",
                "php": ">=5.3.0"
            },
            "require-dev": {
                "vierbergenlars/simpletest": "*"
            },
            "type": "library",
            "autoload": {
                "psr-0": {
                    "Unirest": "lib"
                }
            },
            "notification-url": "https://packagist.org/downloads/",
            "license": [
                "MIT"
            ],
            "authors": [
                {
                    "name": "Mashape",
                    "email": "support@mashape.com",
                    "homepage": "http://mashape.com"
                }
            ],
            "description": "Unirest PHP",
            "homepage": "https://github.com/Mashape/unirest-php",
            "keywords": [
                "client",
                "curl",
                "http",
                "rest"
            ],
            "time": "2014-01-09 03:07:05"
        },
        {
            "name": "sendgrid/sendgrid",
            "version": "1.1.7",
            "source": {
                "type": "git",
                "url": "https://github.com/sendgrid/sendgrid-php.git",
                "reference": "b92e51bbe90f6896fe30f863025fc31701d5410c"
            },
            "dist": {
                "type": "zip",
                "url": "https://api.github.com/repos/sendgrid/sendgrid-php/zipball/b92e51bbe90f6896fe30f863025fc31701d5410c",
                "reference": "b92e51bbe90f6896fe30f863025fc31701d5410c",
                "shasum": ""
            },
            "require": {
                "mashape/unirest-php": "dev-master",
                "php": ">=5.3",
                "swiftmailer/swiftmailer": "~5.0.1"
            },
            "replace": {
                "sendgrid/sendgrid-php": "*"
            },
            "require-dev": {
                "phpunit/phpunit": "3.7.*",
                "vlucas/phpdotenv": "1.0.2"
            },
            "type": "library",
            "autoload": {
                "psr-0": {
                    "SendGrid": "lib/"
                }
            },
            "notification-url": "https://packagist.org/downloads/",
            "license": [
                "MIT"
            ],
            "description": "This library allows you to quickly and easily send emails through SendGrid using PHP.",
            "homepage": "http://github.com/sendgrid/sendgrid-php",
            "keywords": [
                "email",
                "grid",
                "send",
                "sendgrid"
            ],
            "time": "2014-01-08 00:20:31"
        },
        {
            "name": "swiftmailer/swiftmailer",
            "version": "v5.0.3",
            "source": {
                "type": "git",
                "url": "https://github.com/swiftmailer/swiftmailer.git",
                "reference": "32edc3b0de0fdc1b10f5c4912e8677b3f411a230"
            },
            "dist": {
                "type": "zip",
                "url": "https://api.github.com/repos/swiftmailer/swiftmailer/zipball/32edc3b0de0fdc1b10f5c4912e8677b3f411a230",
                "reference": "32edc3b0de0fdc1b10f5c4912e8677b3f411a230",
                "shasum": ""
            },
            "require": {
                "php": ">=5.2.4"
            },
            "type": "library",
            "extra": {
                "branch-alias": {
                    "dev-master": "5.1-dev"
                }
            },
            "autoload": {
                "files": [
                    "lib/swift_required.php"
                ]
            },
            "notification-url": "https://packagist.org/downloads/",
            "license": [
                "MIT"
            ],
            "authors": [
                {
                    "name": "Fabien Potencier",
                    "email": "fabien@symfony.com"
                },
                {
                    "name": "Chris Corbyn"
                }
            ],
            "description": "Swiftmailer, free feature-rich PHP mailer",
            "homepage": "http://swiftmailer.org",
            "keywords": [
                "mail",
                "mailer"
            ],
            "time": "2013-12-03 13:33:24"
        }
    ],
    "packages-dev": [

    ],
    "aliases": [

    ],
    "minimum-stability": "dev",
    "stability-flags": [

    ],
    "platform": [

    ],
    "platform-dev": [

    ]
}
